
Microsoft Visual Studio Solution File, Format Version 12.00
# Visual Studio Version 17
VisualStudioVersion = 17.7.34024.191
MinimumVisualStudioVersion = 10.0.40219.1
Project("{FAE04EC0-301F-11D3-BF4B-00C04F79EFBC}") = "practica2v2", "practica2v2.csproj", "{EF88EB7F-7126-4F4B-BF7C-2648F366AD17}"
EndProject
Global
	GlobalSection(SolutionConfigurationPlatforms) = preSolution
		Debug|Any CPU = Debug|Any CPU
		Release|Any CPU = Release|Any CPU
	EndGlobalSection
	GlobalSection(ProjectConfigurationPlatforms) = postSolution
		{EF88EB7F-7126-4F4B-BF7C-2648F366AD17}.Debug|Any CPU.ActiveCfg = Debug|Any CPU
		{EF88EB7F-7126-4F4B-BF7C-2648F366AD17}.Debug|Any CPU.Build.0 = Debug|Any CPU
		{EF88EB7F-7126-4F4B-BF7C-2648F366AD17}.Release|Any CPU.ActiveCfg = Release|Any CPU
		{EF88EB7F-7126-4F4B-BF7C-2648F366AD17}.Release|Any CPU.Build.0 = Release|Any CPU
	EndGlobalSection
	GlobalSection(SolutionProperties) = preSolution
		HideSolutionNode = FALSE
	EndGlobalSection
	GlobalSection(ExtensibilityGlobals) = postSolution
		SolutionGuid = {E9C229E9-2D94-4E3D-A43D-6B897D1A619B}
	EndGlobalSection
EndGlobal
