
Microsoft Visual Studio Solution File, Format Version 12.00
# Visual Studio Version 17
VisualStudioVersion = 17.7.34024.191
MinimumVisualStudioVersion = 10.0.40219.1
Project("{FAE04EC0-301F-11D3-BF4B-00C04F79EFBC}") = "practica1_cuadratica", "practica1_cuadratica.csproj", "{838088A3-6344-4044-B909-ED0AD6000DEA}"
EndProject
Global
	GlobalSection(SolutionConfigurationPlatforms) = preSolution
		Debug|Any CPU = Debug|Any CPU
		Release|Any CPU = Release|Any CPU
	EndGlobalSection
	GlobalSection(ProjectConfigurationPlatforms) = postSolution
		{838088A3-6344-4044-B909-ED0AD6000DEA}.Debug|Any CPU.ActiveCfg = Debug|Any CPU
		{838088A3-6344-4044-B909-ED0AD6000DEA}.Debug|Any CPU.Build.0 = Debug|Any CPU
		{838088A3-6344-4044-B909-ED0AD6000DEA}.Release|Any CPU.ActiveCfg = Release|Any CPU
		{838088A3-6344-4044-B909-ED0AD6000DEA}.Release|Any CPU.Build.0 = Release|Any CPU
	EndGlobalSection
	GlobalSection(SolutionProperties) = preSolution
		HideSolutionNode = FALSE
	EndGlobalSection
	GlobalSection(ExtensibilityGlobals) = postSolution
		SolutionGuid = {171ACEEE-FE80-4B83-B7FC-D2B56A7B87D2}
	EndGlobalSection
EndGlobal
